
Microsoft Visual Studio Solution File, Format Version 12.00
# Visual Studio Version 16
VisualStudioVersion = 16.0.29609.76
MinimumVisualStudioVersion = 10.0.40219.1
Project("{FAE04EC0-301F-11D3-BF4B-00C04F79EFBC}") = "borriello.sasha.5G.SQLWPF", "borriello.sasha.5G.SQLWPF\borriello.sasha.5G.SQLWPF.csproj", "{058A4236-A734-4DE3-A258-3941D8D1E935}"
EndProject
Global
	GlobalSection(SolutionConfigurationPlatforms) = preSolution
		Debug|Any CPU = Debug|Any CPU
		Release|Any CPU = Release|Any CPU
	EndGlobalSection
	GlobalSection(ProjectConfigurationPlatforms) = postSolution
		{058A4236-A734-4DE3-A258-3941D8D1E935}.Debug|Any CPU.ActiveCfg = Debug|Any CPU
		{058A4236-A734-4DE3-A258-3941D8D1E935}.Debug|Any CPU.Build.0 = Debug|Any CPU
		{058A4236-A734-4DE3-A258-3941D8D1E935}.Release|Any CPU.ActiveCfg = Release|Any CPU
		{058A4236-A734-4DE3-A258-3941D8D1E935}.Release|Any CPU.Build.0 = Release|Any CPU
	EndGlobalSection
	GlobalSection(SolutionProperties) = preSolution
		HideSolutionNode = FALSE
	EndGlobalSection
	GlobalSection(ExtensibilityGlobals) = postSolution
		SolutionGuid = {14115A9F-56BB-4842-8989-C91B71ADE5BB}
	EndGlobalSection
EndGlobal
